
Microsoft Visual Studio Solution File, Format Version 12.00
# Visual Studio Version 17
VisualStudioVersion = 17.6.33829.357
MinimumVisualStudioVersion = 10.0.40219.1
Project("{9A19103F-16F7-4668-BE54-9A1E7A4F7556}") = "Blazor.Monaco", "Blazor.Monaco\Blazor.Monaco.csproj", "{5015443E-3449-443A-9519-40836156B005}"
EndProject
Project("{FAE04EC0-301F-11D3-BF4B-00C04F79EFBC}") = "Blazor.Monaco.Playground", "Blazor.Monaco.Playground\Blazor.Monaco.Playground.csproj", "{748F4742-4BDF-46AC-9612-A8FCC3CB4AC8}"
EndProject
Project("{FAE04EC0-301F-11D3-BF4B-00C04F79EFBC}") = "Blazor.Monaco.Playground.Web", "Blazor.Monaco.Playground.Web\Blazor.Monaco.Playground.Web.csproj", "{19002593-BDD9-4538-B6F2-62E4B3BF845E}"
EndProject
Global
	GlobalSection(SolutionConfigurationPlatforms) = preSolution
		Debug|Any CPU = Debug|Any CPU
		Release|Any CPU = Release|Any CPU
	EndGlobalSection
	GlobalSection(ProjectConfigurationPlatforms) = postSolution
		{5015443E-3449-443A-9519-40836156B005}.Debug|Any CPU.ActiveCfg = Debug|Any CPU
		{5015443E-3449-443A-9519-40836156B005}.Debug|Any CPU.Build.0 = Debug|Any CPU
		{5015443E-3449-443A-9519-40836156B005}.Release|Any CPU.ActiveCfg = Release|Any CPU
		{5015443E-3449-443A-9519-40836156B005}.Release|Any CPU.Build.0 = Release|Any CPU
		{748F4742-4BDF-46AC-9612-A8FCC3CB4AC8}.Debug|Any CPU.ActiveCfg = Debug|Any CPU
		{748F4742-4BDF-46AC-9612-A8FCC3CB4AC8}.Debug|Any CPU.Build.0 = Debug|Any CPU
		{748F4742-4BDF-46AC-9612-A8FCC3CB4AC8}.Release|Any CPU.ActiveCfg = Release|Any CPU
		{748F4742-4BDF-46AC-9612-A8FCC3CB4AC8}.Release|Any CPU.Build.0 = Release|Any CPU
		{19002593-BDD9-4538-B6F2-62E4B3BF845E}.Debug|Any CPU.ActiveCfg = Debug|Any CPU
		{19002593-BDD9-4538-B6F2-62E4B3BF845E}.Debug|Any CPU.Build.0 = Debug|Any CPU
		{19002593-BDD9-4538-B6F2-62E4B3BF845E}.Release|Any CPU.ActiveCfg = Release|Any CPU
		{19002593-BDD9-4538-B6F2-62E4B3BF845E}.Release|Any CPU.Build.0 = Release|Any CPU
	EndGlobalSection
	GlobalSection(SolutionProperties) = preSolution
		HideSolutionNode = FALSE
	EndGlobalSection
	GlobalSection(ExtensibilityGlobals) = postSolution
		SolutionGuid = {DE5925E3-E514-42C7-B395-1AC6E1326B71}
	EndGlobalSection
EndGlobal
